
Microsoft Visual Studio Solution File, Format Version 12.00
# Visual Studio Version 17
VisualStudioVersion = 17.0.32126.317
MinimumVisualStudioVersion = 10.0.40219.1
Project("{FAE04EC0-301F-11D3-BF4B-00C04F79EFBC}") = "hola mundo", "hola mundo\hola mundo.csproj", "{4B750CFD-F70D-4F7F-A58A-5C2D298F8191}"
EndProject
Global
	GlobalSection(SolutionConfigurationPlatforms) = preSolution
		Debug|Any CPU = Debug|Any CPU
		Release|Any CPU = Release|Any CPU
	EndGlobalSection
	GlobalSection(ProjectConfigurationPlatforms) = postSolution
		{4B750CFD-F70D-4F7F-A58A-5C2D298F8191}.Debug|Any CPU.ActiveCfg = Debug|Any CPU
		{4B750CFD-F70D-4F7F-A58A-5C2D298F8191}.Debug|Any CPU.Build.0 = Debug|Any CPU
		{4B750CFD-F70D-4F7F-A58A-5C2D298F8191}.Release|Any CPU.ActiveCfg = Release|Any CPU
		{4B750CFD-F70D-4F7F-A58A-5C2D298F8191}.Release|Any CPU.Build.0 = Release|Any CPU
	EndGlobalSection
	GlobalSection(SolutionProperties) = preSolution
		HideSolutionNode = FALSE
	EndGlobalSection
	GlobalSection(ExtensibilityGlobals) = postSolution
		SolutionGuid = {D708D8F4-36A6-4D5E-AC6A-4A09DC83BF43}
	EndGlobalSection
EndGlobal
